// !$*UTF8*$!
{
	archiveVersion = 1;
	classes = {
	};
	objectVersion = 50;
	objects = {

/* Begin PBXBuildFile section */
		3395E7CB221E842C00023E48 /* AppDelegate.swift in Sources */ = {isa = PBXBuildFile; fileRef = 3395E7CA221E842C00023E48 /* AppDelegate.swift */; };
		3395E7D2221E842C00023E48 /* Main.storyboard in Resources */ = {isa = PBXBuildFile; fileRef = 3395E7D0221E842C00023E48 /* Main.storyboard */; };
		3395E7D4221E842D00023E48 /* Assets.xcassets in Resources */ = {isa = PBXBuildFile; fileRef = 3395E7D3221E842D00023E48 /* Assets.xcassets */; };
		3395E7D7221E842D00023E48 /* LaunchScreen.storyboard in Resources */ = {isa = PBXBuildFile; fileRef = 3395E7D5221E842D00023E48 /* LaunchScreen.storyboard */; };
		33A48C8B2221C423004CA920 /* UICheckCellTableViewCell.swift in Sources */ = {isa = PBXBuildFile; fileRef = 33A48C8A2221C423004CA920 /* UICheckCellTableViewCell.swift */; };
		33A48C8D2221C61F004CA920 /* DashboardTableViewController.swift in Sources */ = {isa = PBXBuildFile; fileRef = 33A48C8C2221C61F004CA920 /* DashboardTableViewController.swift */; };
		33B51ED0221F8554008F5C1C /* (null) in Frameworks */ = {isa = PBXBuildFile; };
		33B51ED5221F85F3008F5C1C /* (null) in Embed Frameworks */ = {isa = PBXBuildFile; settings = {ATTRIBUTES = (CodeSignOnCopy, RemoveHeadersOnCopy, ); }; };
		33EF9CA82221D36D00EC1ECD /* Alamofire.framework in Frameworks */ = {isa = PBXBuildFile; fileRef = 33EF9C982221D30900EC1ECD /* Alamofire.framework */; };
		33EF9CA92221D36D00EC1ECD /* Alamofire.framework in Embed Frameworks */ = {isa = PBXBuildFile; fileRef = 33EF9C982221D30900EC1ECD /* Alamofire.framework */; settings = {ATTRIBUTES = (CodeSignOnCopy, RemoveHeadersOnCopy, ); }; };
		33EF9CC52221D52100EC1ECD /* SwiftyJSON.framework in Frameworks */ = {isa = PBXBuildFile; fileRef = 33EF9CB82221D4D400EC1ECD /* SwiftyJSON.framework */; };
		33EF9CC62221D52100EC1ECD /* SwiftyJSON.framework in Embed Frameworks */ = {isa = PBXBuildFile; fileRef = 33EF9CB82221D4D400EC1ECD /* SwiftyJSON.framework */; settings = {ATTRIBUTES = (CodeSignOnCopy, RemoveHeadersOnCopy, ); }; };
/* End PBXBuildFile section */

/* Begin PBXContainerItemProxy section */
		33C0A0122221EE4400E6CC5A /* PBXContainerItemProxy */ = {
			isa = PBXContainerItemProxy;
			containerPortal = 33B51EC0221F853E008F5C1C /* OAuth2.xcodeproj */;
			proxyType = 2;
			remoteGlobalIDString = EEE209471942772800736F1A;
			remoteInfo = OAuth2macOS;
		};
		33C0A0142221EE4400E6CC5A /* PBXContainerItemProxy */ = {
			isa = PBXContainerItemProxy;
			containerPortal = 33B51EC0221F853E008F5C1C /* OAuth2.xcodeproj */;
			proxyType = 2;
			remoteGlobalIDString = EEDB8624193FAAE500C4EEA1;
			remoteInfo = OAuth2iOS;
		};
		33C0A0162221EE4400E6CC5A /* PBXContainerItemProxy */ = {
			isa = PBXContainerItemProxy;
			containerPortal = 33B51EC0221F853E008F5C1C /* OAuth2.xcodeproj */;
			proxyType = 2;
			remoteGlobalIDString = 659854461C5B3BEA00237D39;
			remoteInfo = OAuth2tvOS;
		};
		33C0A0182221EE4400E6CC5A /* PBXContainerItemProxy */ = {
			isa = PBXContainerItemProxy;
			containerPortal = 33B51EC0221F853E008F5C1C /* OAuth2.xcodeproj */;
			proxyType = 2;
			remoteGlobalIDString = EEE209A219427DFE00736F1A;
			remoteInfo = OAuth2Tests;
		};
		33EF9C972221D30900EC1ECD /* PBXContainerItemProxy */ = {
			isa = PBXContainerItemProxy;
			containerPortal = 33EF9C8C2221D30900EC1ECD /* Alamofire.xcodeproj */;
			proxyType = 2;
			remoteGlobalIDString = F8111E3319A95C8B0040E7D1;
			remoteInfo = "Alamofire iOS";
		};
		33EF9C992221D30900EC1ECD /* PBXContainerItemProxy */ = {
			isa = PBXContainerItemProxy;
			containerPortal = 33EF9C8C2221D30900EC1ECD /* Alamofire.xcodeproj */;
			proxyType = 2;
			remoteGlobalIDString = F8111E3E19A95C8B0040E7D1;
			remoteInfo = "Alamofire iOS Tests";
		};
		33EF9C9B2221D30900EC1ECD /* PBXContainerItemProxy */ = {
			isa = PBXContainerItemProxy;
			containerPortal = 33EF9C8C2221D30900EC1ECD /* Alamofire.xcodeproj */;
			proxyType = 2;
			remoteGlobalIDString = 4DD67C0B1A5C55C900ED2280;
			remoteInfo = "Alamofire macOS";
		};
		33EF9C9D2221D30900EC1ECD /* PBXContainerItemProxy */ = {
			isa = PBXContainerItemProxy;
			containerPortal = 33EF9C8C2221D30900EC1ECD /* Alamofire.xcodeproj */;
			proxyType = 2;
			remoteGlobalIDString = F829C6B21A7A94F100A2CD59;
			remoteInfo = "Alamofire macOS Tests";
		};
		33EF9C9F2221D30900EC1ECD /* PBXContainerItemProxy */ = {
			isa = PBXContainerItemProxy;
			containerPortal = 33EF9C8C2221D30900EC1ECD /* Alamofire.xcodeproj */;
			proxyType = 2;
			remoteGlobalIDString = 4CF626EF1BA7CB3E0011A099;
			remoteInfo = "Alamofire tvOS";
		};
		33EF9CA12221D30900EC1ECD /* PBXContainerItemProxy */ = {
			isa = PBXContainerItemProxy;
			containerPortal = 33EF9C8C2221D30900EC1ECD /* Alamofire.xcodeproj */;
			proxyType = 2;
			remoteGlobalIDString = 4CF626F81BA7CB3E0011A099;
			remoteInfo = "Alamofire tvOS Tests";
		};
		33EF9CA32221D30900EC1ECD /* PBXContainerItemProxy */ = {
			isa = PBXContainerItemProxy;
			containerPortal = 33EF9C8C2221D30900EC1ECD /* Alamofire.xcodeproj */;
			proxyType = 2;
			remoteGlobalIDString = E4202FE01B667AA100C997FB;
			remoteInfo = "Alamofire watchOS";
		};
		33EF9CAA2221D36D00EC1ECD /* PBXContainerItemProxy */ = {
			isa = PBXContainerItemProxy;
			containerPortal = 33EF9C8C2221D30900EC1ECD /* Alamofire.xcodeproj */;
			proxyType = 1;
			remoteGlobalIDString = F8111E3219A95C8B0040E7D1;
			remoteInfo = "Alamofire iOS";
		};
		33EF9CB72221D4D400EC1ECD /* PBXContainerItemProxy */ = {
			isa = PBXContainerItemProxy;
			containerPortal = 33EF9CAC2221D4D400EC1ECD /* SwiftyJSON.xcodeproj */;
			proxyType = 2;
			remoteGlobalIDString = 2E4FEFDB19575BE100351305;
			remoteInfo = "SwiftyJSON iOS";
		};
		33EF9CB92221D4D400EC1ECD /* PBXContainerItemProxy */ = {
			isa = PBXContainerItemProxy;
			containerPortal = 33EF9CAC2221D4D400EC1ECD /* SwiftyJSON.xcodeproj */;
			proxyType = 2;
			remoteGlobalIDString = 2E4FEFE619575BE100351305;
			remoteInfo = "SwiftyJSON iOS Tests";
		};
		33EF9CBB2221D4D400EC1ECD /* PBXContainerItemProxy */ = {
			isa = PBXContainerItemProxy;
			containerPortal = 33EF9CAC2221D4D400EC1ECD /* SwiftyJSON.xcodeproj */;
			proxyType = 2;
			remoteGlobalIDString = 9C7DFC5B1A9102BD005AA3F7;
			remoteInfo = "SwiftyJSON macOS";
		};
		33EF9CBD2221D4D400EC1ECD /* PBXContainerItemProxy */ = {
			isa = PBXContainerItemProxy;
			containerPortal = 33EF9CAC2221D4D400EC1ECD /* SwiftyJSON.xcodeproj */;
			proxyType = 2;
			remoteGlobalIDString = 9C7DFC651A9102BD005AA3F7;
			remoteInfo = "SwiftyJSON macOS Tests";
		};
		33EF9CBF2221D4D400EC1ECD /* PBXContainerItemProxy */ = {
			isa = PBXContainerItemProxy;
			containerPortal = 33EF9CAC2221D4D400EC1ECD /* SwiftyJSON.xcodeproj */;
			proxyType = 2;
			remoteGlobalIDString = E4D7CCE81B9465A700EE7221;
			remoteInfo = "SwiftyJSON watchOS";
		};
		33EF9CC12221D4D400EC1ECD /* PBXContainerItemProxy */ = {
			isa = PBXContainerItemProxy;
			containerPortal = 33EF9CAC2221D4D400EC1ECD /* SwiftyJSON.xcodeproj */;
			proxyType = 2;
			remoteGlobalIDString = 7236B4F61BAC14150020529B;
			remoteInfo = "SwiftyJSON tvOS";
		};
		33EF9CC32221D4D400EC1ECD /* PBXContainerItemProxy */ = {
			isa = PBXContainerItemProxy;
			containerPortal = 33EF9CAC2221D4D400EC1ECD /* SwiftyJSON.xcodeproj */;
			proxyType = 2;
			remoteGlobalIDString = A8580F741BCF5C5B00DA927B;
			remoteInfo = "SwiftyJSON tvOS Tests";
		};
		33EF9CC72221D52100EC1ECD /* PBXContainerItemProxy */ = {
			isa = PBXContainerItemProxy;
			containerPortal = 33EF9CAC2221D4D400EC1ECD /* SwiftyJSON.xcodeproj */;
			proxyType = 1;
			remoteGlobalIDString = 2E4FEFDA19575BE100351305;
			remoteInfo = "SwiftyJSON iOS";
		};
/* End PBXContainerItemProxy section */

/* Begin PBXCopyFilesBuildPhase section */
		E287FF0B222197FB00848905 /* Embed Frameworks */ = {
			isa = PBXCopyFilesBuildPhase;
			buildActionMask = 2147483647;
			dstPath = "";
			dstSubfolderSpec = 10;
			files = (
				33B51ED5221F85F3008F5C1C /* (null) in Embed Frameworks */,
				33EF9CA92221D36D00EC1ECD /* Alamofire.framework in Embed Frameworks */,
				33EF9CC62221D52100EC1ECD /* SwiftyJSON.framework in Embed Frameworks */,
			);
			name = "Embed Frameworks";
			runOnlyForDeploymentPostprocessing = 0;
		};
/* End PBXCopyFilesBuildPhase section */

/* Begin PBXFileReference section */
		3395E7C7221E842C00023E48 /* CheckbookMobileapp.app */ = {isa = PBXFileReference; explicitFileType = wrapper.application; includeInIndex = 0; path = CheckbookMobileapp.app; sourceTree = BUILT_PRODUCTS_DIR; };
		3395E7CA221E842C00023E48 /* AppDelegate.swift */ = {isa = PBXFileReference; lastKnownFileType = sourcecode.swift; path = AppDelegate.swift; sourceTree = "<group>"; };
		3395E7D1221E842C00023E48 /* Base */ = {isa = PBXFileReference; lastKnownFileType = file.storyboard; name = Base; path = Base.lproj/Main.storyboard; sourceTree = "<group>"; };
		3395E7D3221E842D00023E48 /* Assets.xcassets */ = {isa = PBXFileReference; lastKnownFileType = folder.assetcatalog; path = Assets.xcassets; sourceTree = "<group>"; };
		3395E7D6221E842D00023E48 /* Base */ = {isa = PBXFileReference; lastKnownFileType = file.storyboard; name = Base; path = Base.lproj/LaunchScreen.storyboard; sourceTree = "<group>"; };
		3395E7D8221E842D00023E48 /* Info.plist */ = {isa = PBXFileReference; lastKnownFileType = text.plist.xml; path = Info.plist; sourceTree = "<group>"; };
		33A48C8A2221C423004CA920 /* UICheckCellTableViewCell.swift */ = {isa = PBXFileReference; lastKnownFileType = sourcecode.swift; path = UICheckCellTableViewCell.swift; sourceTree = "<group>"; };
		33A48C8C2221C61F004CA920 /* DashboardTableViewController.swift */ = {isa = PBXFileReference; lastKnownFileType = sourcecode.swift; path = DashboardTableViewController.swift; sourceTree = "<group>"; };
		33B51EC0221F853E008F5C1C /* OAuth2.xcodeproj */ = {isa = PBXFileReference; lastKnownFileType = "wrapper.pb-project"; name = OAuth2.xcodeproj; path = OAuth2/OAuth2.xcodeproj; sourceTree = SOURCE_ROOT; };
		33EF9C8C2221D30900EC1ECD /* Alamofire.xcodeproj */ = {isa = PBXFileReference; lastKnownFileType = "wrapper.pb-project"; name = Alamofire.xcodeproj; path = Alamofire/Alamofire.xcodeproj; sourceTree = SOURCE_ROOT; };
		33EF9CAC2221D4D400EC1ECD /* SwiftyJSON.xcodeproj */ = {isa = PBXFileReference; lastKnownFileType = "wrapper.pb-project"; name = SwiftyJSON.xcodeproj; path = "../../../Downloads/SwiftyJSON-4.2.0/SwiftyJSON.xcodeproj"; sourceTree = "<group>"; };
/* End PBXFileReference section */

/* Begin PBXFrameworksBuildPhase section */
		3395E7C4221E842C00023E48 /* Frameworks */ = {
			isa = PBXFrameworksBuildPhase;
			buildActionMask = 2147483647;
			files = (
				33B51ED0221F8554008F5C1C /* (null) in Frameworks */,
				33EF9CA82221D36D00EC1ECD /* Alamofire.framework in Frameworks */,
				33EF9CC52221D52100EC1ECD /* SwiftyJSON.framework in Frameworks */,
			);
			runOnlyForDeploymentPostprocessing = 0;
		};
/* End PBXFrameworksBuildPhase section */

/* Begin PBXGroup section */
		3395E7BE221E842C00023E48 = {
			isa = PBXGroup;
			children = (
				3395E7C9221E842C00023E48 /* CheckbookMobileapp */,
				3395E7C8221E842C00023E48 /* Products */,
				E287FF05222197E100848905 /* Frameworks */,
				33C0A0062221EE4300E6CC5A /* Recovered References */,
			);
			sourceTree = "<group>";
		};
		3395E7C8221E842C00023E48 /* Products */ = {
			isa = PBXGroup;
			children = (
				3395E7C7221E842C00023E48 /* CheckbookMobileapp.app */,
			);
			name = Products;
			sourceTree = "<group>";
		};
		3395E7C9221E842C00023E48 /* CheckbookMobileapp */ = {
			isa = PBXGroup;
			children = (
				33EF9CAC2221D4D400EC1ECD /* SwiftyJSON.xcodeproj */,
				33EF9C8C2221D30900EC1ECD /* Alamofire.xcodeproj */,
				33A48C8C2221C61F004CA920 /* DashboardTableViewController.swift */,
				33A48C8A2221C423004CA920 /* UICheckCellTableViewCell.swift */,
				33B51EC0221F853E008F5C1C /* OAuth2.xcodeproj */,
				3395E7CA221E842C00023E48 /* AppDelegate.swift */,
				3395E7D0221E842C00023E48 /* Main.storyboard */,
				3395E7D3221E842D00023E48 /* Assets.xcassets */,
				3395E7D5221E842D00023E48 /* LaunchScreen.storyboard */,
				3395E7D8221E842D00023E48 /* Info.plist */,
			);
			path = CheckbookMobileapp;
			sourceTree = "<group>";
		};
		33C0A0022221EE4300E6CC5A /* Products */ = {
			isa = PBXGroup;
			children = (
				33C0A0132221EE4400E6CC5A /* OAuth2.framework */,
				33C0A0152221EE4400E6CC5A /* OAuth2.framework */,
				33C0A0172221EE4400E6CC5A /* OAuth2.framework */,
				33C0A0192221EE4400E6CC5A /* OAuth2Tests.xctest */,
			);
			name = Products;
			sourceTree = "<group>";
		};
		33C0A0062221EE4300E6CC5A /* Recovered References */ = {
			isa = PBXGroup;
			children = (
			);
			name = "Recovered References";
			sourceTree = "<group>";
		};
		33EF9C8D2221D30900EC1ECD /* Products */ = {
			isa = PBXGroup;
			children = (
				33EF9C982221D30900EC1ECD /* Alamofire.framework */,
				33EF9C9A2221D30900EC1ECD /* Alamofire iOS Tests.xctest */,
				33EF9C9C2221D30900EC1ECD /* Alamofire.framework */,
				33EF9C9E2221D30900EC1ECD /* Alamofire macOS Tests.xctest */,
				33EF9CA02221D30900EC1ECD /* Alamofire.framework */,
				33EF9CA22221D30900EC1ECD /* Alamofire tvOS Tests.xctest */,
				33EF9CA42221D30900EC1ECD /* Alamofire.framework */,
			);
			name = Products;
			sourceTree = "<group>";
		};
		33EF9CAD2221D4D400EC1ECD /* Products */ = {
			isa = PBXGroup;
			children = (
				33EF9CB82221D4D400EC1ECD /* SwiftyJSON.framework */,
				33EF9CBA2221D4D400EC1ECD /* SwiftyJSON iOS Tests.xctest */,
				33EF9CBC2221D4D400EC1ECD /* SwiftyJSON.framework */,
				33EF9CBE2221D4D400EC1ECD /* SwiftyJSON macOS Tests.xctest */,
				33EF9CC02221D4D400EC1ECD /* SwiftyJSON.framework */,
				33EF9CC22221D4D400EC1ECD /* SwiftyJSON.framework */,
				33EF9CC42221D4D400EC1ECD /* SwiftyJSON tvOS Tests.xctest */,
			);
			name = Products;
			sourceTree = "<group>";
		};
		E287FF05222197E100848905 /* Frameworks */ = {
			isa = PBXGroup;
			children = (
			);
			name = Frameworks;
			sourceTree = "<group>";
		};
/* End PBXGroup section */

/* Begin PBXNativeTarget section */
		3395E7C6221E842C00023E48 /* CheckbookMobileapp */ = {
			isa = PBXNativeTarget;
			buildConfigurationList = 3395E7DB221E842D00023E48 /* Build configuration list for PBXNativeTarget "CheckbookMobileapp" */;
			buildPhases = (
				3395E7C3221E842C00023E48 /* Sources */,
				3395E7C4221E842C00023E48 /* Frameworks */,
				3395E7C5221E842C00023E48 /* Resources */,
				E287FF0B222197FB00848905 /* Embed Frameworks */,
			);
			buildRules = (
			);
			dependencies = (
				33EF9CAB2221D36D00EC1ECD /* PBXTargetDependency */,
				33EF9CC82221D52100EC1ECD /* PBXTargetDependency */,
			);
			name = CheckbookMobileapp;
			productName = CheckbookMobileapp;
			productReference = 3395E7C7221E842C00023E48 /* CheckbookMobileapp.app */;
			productType = "com.apple.product-type.application";
		};
/* End PBXNativeTarget section */

/* Begin PBXProject section */
		3395E7BF221E842C00023E48 /* Project object */ = {
			isa = PBXProject;
			attributes = {
				LastSwiftUpdateCheck = 1010;
				LastUpgradeCheck = 1010;
				ORGANIZATIONNAME = "Varun Tandon";
				TargetAttributes = {
					3395E7C6221E842C00023E48 = {
						CreatedOnToolsVersion = 10.1;
					};
				};
			};
			buildConfigurationList = 3395E7C2221E842C00023E48 /* Build configuration list for PBXProject "CheckbookMobileapp" */;
			compatibilityVersion = "Xcode 9.3";
			developmentRegion = en;
			hasScannedForEncodings = 0;
			knownRegions = (
				en,
				Base,
			);
			mainGroup = 3395E7BE221E842C00023E48;
			productRefGroup = 3395E7C8221E842C00023E48 /* Products */;
			projectDirPath = "";
			projectReferences = (
				{
					ProductGroup = 33EF9C8D2221D30900EC1ECD /* Products */;
					ProjectRef = 33EF9C8C2221D30900EC1ECD /* Alamofire.xcodeproj */;
				},
				{
					ProductGroup = 33C0A0022221EE4300E6CC5A /* Products */;
					ProjectRef = 33B51EC0221F853E008F5C1C /* OAuth2.xcodeproj */;
				},
				{
					ProductGroup = 33EF9CAD2221D4D400EC1ECD /* Products */;
					ProjectRef = 33EF9CAC2221D4D400EC1ECD /* SwiftyJSON.xcodeproj */;
				},
			);
			projectRoot = "";
			targets = (
				3395E7C6221E842C00023E48 /* CheckbookMobileapp */,
			);
		};
/* End PBXProject section */

/* Begin PBXReferenceProxy section */
		33C0A0132221EE4400E6CC5A /* OAuth2.framework */ = {
			isa = PBXReferenceProxy;
			fileType = wrapper.framework;
			path = OAuth2.framework;
			remoteRef = 33C0A0122221EE4400E6CC5A /* PBXContainerItemProxy */;
			sourceTree = BUILT_PRODUCTS_DIR;
		};
		33C0A0152221EE4400E6CC5A /* OAuth2.framework */ = {
			isa = PBXReferenceProxy;
			fileType = wrapper.framework;
			path = OAuth2.framework;
			remoteRef = 33C0A0142221EE4400E6CC5A /* PBXContainerItemProxy */;
			sourceTree = BUILT_PRODUCTS_DIR;
		};
		33C0A0172221EE4400E6CC5A /* OAuth2.framework */ = {
			isa = PBXReferenceProxy;
			fileType = wrapper.framework;
			path = OAuth2.framework;
			remoteRef = 33C0A0162221EE4400E6CC5A /* PBXContainerItemProxy */;
			sourceTree = BUILT_PRODUCTS_DIR;
		};
		33C0A0192221EE4400E6CC5A /* OAuth2Tests.xctest */ = {
			isa = PBXReferenceProxy;
			fileType = wrapper.cfbundle;
			path = OAuth2Tests.xctest;
			remoteRef = 33C0A0182221EE4400E6CC5A /* PBXContainerItemProxy */;
			sourceTree = BUILT_PRODUCTS_DIR;
		};
		33EF9C982221D30900EC1ECD /* Alamofire.framework */ = {
			isa = PBXReferenceProxy;
			fileType = wrapper.framework;
			path = Alamofire.framework;
			remoteRef = 33EF9C972221D30900EC1ECD /* PBXContainerItemProxy */;
			sourceTree = BUILT_PRODUCTS_DIR;
		};
		33EF9C9A2221D30900EC1ECD /* Alamofire iOS Tests.xctest */ = {
			isa = PBXReferenceProxy;
			fileType = wrapper.cfbundle;
			path = "Alamofire iOS Tests.xctest";
			remoteRef = 33EF9C992221D30900EC1ECD /* PBXContainerItemProxy */;
			sourceTree = BUILT_PRODUCTS_DIR;
		};
		33EF9C9C2221D30900EC1ECD /* Alamofire.framework */ = {
			isa = PBXReferenceProxy;
			fileType = wrapper.framework;
			path = Alamofire.framework;
			remoteRef = 33EF9C9B2221D30900EC1ECD /* PBXContainerItemProxy */;
			sourceTree = BUILT_PRODUCTS_DIR;
		};
		33EF9C9E2221D30900EC1ECD /* Alamofire macOS Tests.xctest */ = {
			isa = PBXReferenceProxy;
			fileType = wrapper.cfbundle;
			path = "Alamofire macOS Tests.xctest";
			remoteRef = 33EF9C9D2221D30900EC1ECD /* PBXContainerItemProxy */;
			sourceTree = BUILT_PRODUCTS_DIR;
		};
		33EF9CA02221D30900EC1ECD /* Alamofire.framework */ = {
			isa = PBXReferenceProxy;
			fileType = wrapper.framework;
			path = Alamofire.framework;
			remoteRef = 33EF9C9F2221D30900EC1ECD /* PBXContainerItemProxy */;
			sourceTree = BUILT_PRODUCTS_DIR;
		};
		33EF9CA22221D30900EC1ECD /* Alamofire tvOS Tests.xctest */ = {
			isa = PBXReferenceProxy;
			fileType = wrapper.cfbundle;
			path = "Alamofire tvOS Tests.xctest";
			remoteRef = 33EF9CA12221D30900EC1ECD /* PBXContainerItemProxy */;
			sourceTree = BUILT_PRODUCTS_DIR;
		};
		33EF9CA42221D30900EC1ECD /* Alamofire.framework */ = {
			isa = PBXReferenceProxy;
			fileType = wrapper.framework;
			path = Alamofire.framework;
			remoteRef = 33EF9CA32221D30900EC1ECD /* PBXContainerItemProxy */;
			sourceTree = BUILT_PRODUCTS_DIR;
		};
		33EF9CB82221D4D400EC1ECD /* SwiftyJSON.framework */ = {
			isa = PBXReferenceProxy;
			fileType = wrapper.framework;
			path = SwiftyJSON.framework;
			remoteRef = 33EF9CB72221D4D400EC1ECD /* PBXContainerItemProxy */;
			sourceTree = BUILT_PRODUCTS_DIR;
		};
		33EF9CBA2221D4D400EC1ECD /* SwiftyJSON iOS Tests.xctest */ = {
			isa = PBXReferenceProxy;
			fileType = wrapper.cfbundle;
			path = "SwiftyJSON iOS Tests.xctest";
			remoteRef = 33EF9CB92221D4D400EC1ECD /* PBXContainerItemProxy */;
			sourceTree = BUILT_PRODUCTS_DIR;
		};
		33EF9CBC2221D4D400EC1ECD /* SwiftyJSON.framework */ = {
			isa = PBXReferenceProxy;
			fileType = wrapper.framework;
			path = SwiftyJSON.framework;
			remoteRef = 33EF9CBB2221D4D400EC1ECD /* PBXContainerItemProxy */;
			sourceTree = BUILT_PRODUCTS_DIR;
		};
		33EF9CBE2221D4D400EC1ECD /* SwiftyJSON macOS Tests.xctest */ = {
			isa = PBXReferenceProxy;
			fileType = wrapper.cfbundle;
			path = "SwiftyJSON macOS Tests.xctest";
			remoteRef = 33EF9CBD2221D4D400EC1ECD /* PBXContainerItemProxy */;
			sourceTree = BUILT_PRODUCTS_DIR;
		};
		33EF9CC02221D4D400EC1ECD /* SwiftyJSON.framework */ = {
			isa = PBXReferenceProxy;
			fileType = wrapper.framework;
			path = SwiftyJSON.framework;
			remoteRef = 33EF9CBF2221D4D400EC1ECD /* PBXContainerItemProxy */;
			sourceTree = BUILT_PRODUCTS_DIR;
		};
		33EF9CC22221D4D400EC1ECD /* SwiftyJSON.framework */ = {
			isa = PBXReferenceProxy;
			fileType = wrapper.framework;
			path = SwiftyJSON.framework;
			remoteRef = 33EF9CC12221D4D400EC1ECD /* PBXContainerItemProxy */;
			sourceTree = BUILT_PRODUCTS_DIR;
		};
		33EF9CC42221D4D400EC1ECD /* SwiftyJSON tvOS Tests.xctest */ = {
			isa = PBXReferenceProxy;
			fileType = wrapper.cfbundle;
			path = "SwiftyJSON tvOS Tests.xctest";
			remoteRef = 33EF9CC32221D4D400EC1ECD /* PBXContainerItemProxy */;
			sourceTree = BUILT_PRODUCTS_DIR;
		};
/* End PBXReferenceProxy section */

/* Begin PBXResourcesBuildPhase section */
		3395E7C5221E842C00023E48 /* Resources */ = {
			isa = PBXResourcesBuildPhase;
			buildActionMask = 2147483647;
			files = (
				3395E7D7221E842D00023E48 /* LaunchScreen.storyboard in Resources */,
				3395E7D4221E842D00023E48 /* Assets.xcassets in Resources */,
				3395E7D2221E842C00023E48 /* Main.storyboard in Resources */,
			);
			runOnlyForDeploymentPostprocessing = 0;
		};
/* End PBXResourcesBuildPhase section */

/* Begin PBXSourcesBuildPhase section */
		3395E7C3221E842C00023E48 /* Sources */ = {
			isa = PBXSourcesBuildPhase;
			buildActionMask = 2147483647;
			files = (
				33A48C8D2221C61F004CA920 /* DashboardTableViewController.swift in Sources */,
				33A48C8B2221C423004CA920 /* UICheckCellTableViewCell.swift in Sources */,
				3395E7CB221E842C00023E48 /* AppDelegate.swift in Sources */,
			);
			runOnlyForDeploymentPostprocessing = 0;
		};
/* End PBXSourcesBuildPhase section */

/* Begin PBXTargetDependency section */
		33EF9CAB2221D36D00EC1ECD /* PBXTargetDependency */ = {
			isa = PBXTargetDependency;
			name = "Alamofire iOS";
			targetProxy = 33EF9CAA2221D36D00EC1ECD /* PBXContainerItemProxy */;
		};
		33EF9CC82221D52100EC1ECD /* PBXTargetDependency */ = {
			isa = PBXTargetDependency;
			name = "SwiftyJSON iOS";
			targetProxy = 33EF9CC72221D52100EC1ECD /* PBXContainerItemProxy */;
		};
/* End PBXTargetDependency section */

/* Begin PBXVariantGroup section */
		3395E7D0221E842C00023E48 /* Main.storyboard */ = {
			isa = PBXVariantGroup;
			children = (
				3395E7D1221E842C00023E48 /* Base */,
			);
			name = Main.storyboard;
			sourceTree = "<group>";
		};
		3395E7D5221E842D00023E48 /* LaunchScreen.storyboard */ = {
			isa = PBXVariantGroup;
			children = (
				3395E7D6221E842D00023E48 /* Base */,
			);
			name = LaunchScreen.storyboard;
			sourceTree = "<group>";
		};
/* End PBXVariantGroup section */

/* Begin XCBuildConfiguration section */
		3395E7D9221E842D00023E48 /* Debug */ = {
			isa = XCBuildConfiguration;
			buildSettings = {
				ALWAYS_SEARCH_USER_PATHS = NO;
				CLANG_ANALYZER_NONNULL = YES;
				CLANG_ANALYZER_NUMBER_OBJECT_CONVERSION = YES_AGGRESSIVE;
				CLANG_CXX_LANGUAGE_STANDARD = "gnu++14";
				CLANG_CXX_LIBRARY = "libc++";
				CLANG_ENABLE_MODULES = YES;
				CLANG_ENABLE_OBJC_ARC = YES;
				CLANG_ENABLE_OBJC_WEAK = YES;
				CLANG_WARN_BLOCK_CAPTURE_AUTORELEASING = YES;
				CLANG_WARN_BOOL_CONVERSION = YES;
				CLANG_WARN_COMMA = YES;
				CLANG_WARN_CONSTANT_CONVERSION = YES;
				CLANG_WARN_DEPRECATED_OBJC_IMPLEMENTATIONS = YES;
				CLANG_WARN_DIRECT_OBJC_ISA_USAGE = YES_ERROR;
				CLANG_WARN_DOCUMENTATION_COMMENTS = YES;
				CLANG_WARN_EMPTY_BODY = YES;
				CLANG_WARN_ENUM_CONVERSION = YES;
				CLANG_WARN_INFINITE_RECURSION = YES;
				CLANG_WARN_INT_CONVERSION = YES;
				CLANG_WARN_NON_LITERAL_NULL_CONVERSION = YES;
				CLANG_WARN_OBJC_IMPLICIT_RETAIN_SELF = YES;
				CLANG_WARN_OBJC_LITERAL_CONVERSION = YES;
				CLANG_WARN_OBJC_ROOT_CLASS = YES_ERROR;
				CLANG_WARN_RANGE_LOOP_ANALYSIS = YES;
				CLANG_WARN_STRICT_PROTOTYPES = YES;
				CLANG_WARN_SUSPICIOUS_MOVE = YES;
				CLANG_WARN_UNGUARDED_AVAILABILITY = YES_AGGRESSIVE;
				CLANG_WARN_UNREACHABLE_CODE = YES;
				CLANG_WARN__DUPLICATE_METHOD_MATCH = YES;
				CODE_SIGN_IDENTITY = "iPhone Developer";
				COPY_PHASE_STRIP = NO;
				DEBUG_INFORMATION_FORMAT = dwarf;
				ENABLE_STRICT_OBJC_MSGSEND = YES;
				ENABLE_TESTABILITY = YES;
				GCC_C_LANGUAGE_STANDARD = gnu11;
				GCC_DYNAMIC_NO_PIC = NO;
				GCC_NO_COMMON_BLOCKS = YES;
				GCC_OPTIMIZATION_LEVEL = 0;
				GCC_PREPROCESSOR_DEFINITIONS = (
					"DEBUG=1",
					"$(inherited)",
				);
				GCC_WARN_64_TO_32_BIT_CONVERSION = YES;
				GCC_WARN_ABOUT_RETURN_TYPE = YES_ERROR;
				GCC_WARN_UNDECLARED_SELECTOR = YES;
				GCC_WARN_UNINITIALIZED_AUTOS = YES_AGGRESSIVE;
				GCC_WARN_UNUSED_FUNCTION = YES;
				GCC_WARN_UNUSED_VARIABLE = YES;
				IPHONEOS_DEPLOYMENT_TARGET = 12.1;
				MTL_ENABLE_DEBUG_INFO = INCLUDE_SOURCE;
				MTL_FAST_MATH = YES;
				ONLY_ACTIVE_ARCH = YES;
				SDKROOT = iphoneos;
				SWIFT_ACTIVE_COMPILATION_CONDITIONS = DEBUG;
				SWIFT_OPTIMIZATION_LEVEL = "-Onone";
			};
			name = Debug;
		};
		3395E7DA221E842D00023E48 /* Release */ = {
			isa = XCBuildConfiguration;
			buildSettings = {
				ALWAYS_SEARCH_USER_PATHS = NO;
				CLANG_ANALYZER_NONNULL = YES;
				CLANG_ANALYZER_NUMBER_OBJECT_CONVERSION = YES_AGGRESSIVE;
				CLANG_CXX_LANGUAGE_STANDARD = "gnu++14";
				CLANG_CXX_LIBRARY = "libc++";
				CLANG_ENABLE_MODULES = YES;
				CLANG_ENABLE_OBJC_ARC = YES;
				CLANG_ENABLE_OBJC_WEAK = YES;
				CLANG_WARN_BLOCK_CAPTURE_AUTORELEASING = YES;
				CLANG_WARN_BOOL_CONVERSION = YES;
				CLANG_WARN_COMMA = YES;
				CLANG_WARN_CONSTANT_CONVERSION = YES;
				CLANG_WARN_DEPRECATED_OBJC_IMPLEMENTATIONS = YES;
				CLANG_WARN_DIRECT_OBJC_ISA_USAGE = YES_ERROR;
				CLANG_WARN_DOCUMENTATION_COMMENTS = YES;
				CLANG_WARN_EMPTY_BODY = YES;
				CLANG_WARN_ENUM_CONVERSION = YES;
				CLANG_WARN_INFINITE_RECURSION = YES;
				CLANG_WARN_INT_CONVERSION = YES;
				CLANG_WARN_NON_LITERAL_NULL_CONVERSION = YES;
				CLANG_WARN_OBJC_IMPLICIT_RETAIN_SELF = YES;
				CLANG_WARN_OBJC_LITERAL_CONVERSION = YES;
				CLANG_WARN_OBJC_ROOT_CLASS = YES_ERROR;
				CLANG_WARN_RANGE_LOOP_ANALYSIS = YES;
				CLANG_WARN_STRICT_PROTOTYPES = YES;
				CLANG_WARN_SUSPICIOUS_MOVE = YES;
				CLANG_WARN_UNGUARDED_AVAILABILITY = YES_AGGRESSIVE;
				CLANG_WARN_UNREACHABLE_CODE = YES;
				CLANG_WARN__DUPLICATE_METHOD_MATCH = YES;
				CODE_SIGN_IDENTITY = "iPhone Developer";
				COPY_PHASE_STRIP = NO;
				DEBUG_INFORMATION_FORMAT = "dwarf-with-dsym";
				ENABLE_NS_ASSERTIONS = NO;
				ENABLE_STRICT_OBJC_MSGSEND = YES;
				GCC_C_LANGUAGE_STANDARD = gnu11;
				GCC_NO_COMMON_BLOCKS = YES;
				GCC_WARN_64_TO_32_BIT_CONVERSION = YES;
				GCC_WARN_ABOUT_RETURN_TYPE = YES_ERROR;
				GCC_WARN_UNDECLARED_SELECTOR = YES;
				GCC_WARN_UNINITIALIZED_AUTOS = YES_AGGRESSIVE;
				GCC_WARN_UNUSED_FUNCTION = YES;
				GCC_WARN_UNUSED_VARIABLE = YES;
				IPHONEOS_DEPLOYMENT_TARGET = 12.1;
				MTL_ENABLE_DEBUG_INFO = NO;
				MTL_FAST_MATH = YES;
				SDKROOT = iphoneos;
				SWIFT_COMPILATION_MODE = wholemodule;
				SWIFT_OPTIMIZATION_LEVEL = "-O";
				VALIDATE_PRODUCT = YES;
			};
			name = Release;
		};
		3395E7DC221E842D00023E48 /* Debug */ = {
			isa = XCBuildConfiguration;
			buildSettings = {
				ALWAYS_EMBED_SWIFT_STANDARD_LIBRARIES = YES;
				ASSETCATALOG_COMPILER_APPICON_NAME = AppIcon;
				CODE_SIGN_STYLE = Automatic;
				DEVELOPMENT_TEAM = 9FBR59BN46;
				INFOPLIST_FILE = CheckbookMobileapp/Info.plist;
				LD_RUNPATH_SEARCH_PATHS = (
					"$(inherited)",
					"@executable_path/Frameworks",
				);
				PRODUCT_BUNDLE_IDENTIFIER = varunt.CheckbookMobileapp;
				PRODUCT_NAME = "$(TARGET_NAME)";
				SWIFT_VERSION = 4.2;
				TARGETED_DEVICE_FAMILY = "1,2";
			};
			name = Debug;
		};
		3395E7DD221E842D00023E48 /* Release */ = {
			isa = XCBuildConfiguration;
			buildSettings = {
				ALWAYS_EMBED_SWIFT_STANDARD_LIBRARIES = YES;
				ASSETCATALOG_COMPILER_APPICON_NAME = AppIcon;
				CODE_SIGN_STYLE = Automatic;
				DEVELOPMENT_TEAM = 9FBR59BN46;
				INFOPLIST_FILE = CheckbookMobileapp/Info.plist;
				LD_RUNPATH_SEARCH_PATHS = (
					"$(inherited)",
					"@executable_path/Frameworks",
				);
				PRODUCT_BUNDLE_IDENTIFIER = varunt.CheckbookMobileapp;
				PRODUCT_NAME = "$(TARGET_NAME)";
				SWIFT_VERSION = 4.2;
				TARGETED_DEVICE_FAMILY = "1,2";
			};
			name = Release;
		};
/* End XCBuildConfiguration section */

/* Begin XCConfigurationList section */
		3395E7C2221E842C00023E48 /* Build configuration list for PBXProject "CheckbookMobileapp" */ = {
			isa = XCConfigurationList;
			buildConfigurations = (
				3395E7D9221E842D00023E48 /* Debug */,
				3395E7DA221E842D00023E48 /* Release */,
			);
			defaultConfigurationIsVisible = 0;
			defaultConfigurationName = Release;
		};
		3395E7DB221E842D00023E48 /* Build configuration list for PBXNativeTarget "CheckbookMobileapp" */ = {
			isa = XCConfigurationList;
			buildConfigurations = (
				3395E7DC221E842D00023E48 /* Debug */,
				3395E7DD221E842D00023E48 /* Release */,
			);
			defaultConfigurationIsVisible = 0;
			defaultConfigurationName = Release;
		};
/* End XCConfigurationList section */
	};
	rootObject = 3395E7BF221E842C00023E48 /* Project object */;
}
